{
  "name": "aoe-techradar",
  "version": "4.3.0",
  "lockfileVersion": 3,
  "requires": true,
  "packages": {
    "": {
      "name": "aoe-techradar",
      "version": "4.3.0",
      "license": "MIT",
      "dependencies": {
        "aoe_technology_radar": "github:AOEpeople/aoe_technology_radar#main"
      }
    },
    "node_modules/aoe_technology_radar": {
      "version": "4.3.0",
      "resolved": "git+ssh://git@github.com/AOEpeople/aoe_technology_radar.git#cca35eaab8cecf8f44581f85f1368bdb61b0ec17",
      "hasInstallScript": true,
      "bin": {
        "techradar": "bin/techradar.js"
      }
    }
  }
}
