{
  "name": "aoe-techradar",
  "version": "9.0.0",
  "lockfileVersion": 3,
  "requires": true,
  "packages": {
    "": {
      "name": "aoe-techradar",
      "version": "9.0.0",
      "license": "MIT",
      "dependencies": {
        "aoe_technology_radar": "github:AOEpeople/aoe_technology_radar#v5"
      }
    },
    "node_modules/aoe_technology_radar": {
      "version": "5.0.0-rc.5",
      "resolved": "git+ssh://git@github.com/AOEpeople/aoe_technology_radar.git#34151793bf2285f54de483a49fedc6a28b661358",
      "hasInstallScript": true,
      "bin": {
        "techradar": "bin/techradar.js"
      }
    }
  }
}
