{
  "name": "aoe-techradar",
  "version": "9.0.0",
  "lockfileVersion": 3,
  "requires": true,
  "packages": {
    "": {
      "name": "aoe-techradar",
      "version": "9.0.0",
      "license": "MIT",
      "dependencies": {
        "aoe_technology_radar": "AOEpeople/aoe_technology_radar#d2357d5"
      }
    },
    "node_modules/aoe_technology_radar": {
      "version": "5.0.0-rc.4",
      "resolved": "git+ssh://git@github.com/AOEpeople/aoe_technology_radar.git#d2357d5da34d3c9f3458f18e176bf7feee1b0321",
      "hasInstallScript": true,
      "bin": {
        "techradar": "bin/techradar.js"
      }
    }
  }
}
